
Microsoft Visual Studio Solution File, Format Version 12.00
# Visual Studio Version 17
VisualStudioVersion = 17.6.33801.468
MinimumVisualStudioVersion = 10.0.40219.1
Project("{2150E333-8FDC-42A3-9474-1A3956D46DE8}") = "src", "src", "{17568FE3-0DE5-43BE-9ACB-B34598E8F24E}"
EndProject
Project("{FAE04EC0-301F-11D3-BF4B-00C04F79EFBC}") = "Application", "src\Application\Application.csproj", "{28238997-DBDB-447E-8CBB-5477F7624966}"
EndProject
Project("{FAE04EC0-301F-11D3-BF4B-00C04F79EFBC}") = "Domain", "src\Domain\Domain.csproj", "{D992257F-A0EB-4A29-86B3-AD425D77A47A}"
EndProject
Global
	GlobalSection(SolutionConfigurationPlatforms) = preSolution
		Debug|Any CPU = Debug|Any CPU
		Release|Any CPU = Release|Any CPU
	EndGlobalSection
	GlobalSection(ProjectConfigurationPlatforms) = postSolution
		{28238997-DBDB-447E-8CBB-5477F7624966}.Debug|Any CPU.ActiveCfg = Debug|Any CPU
		{28238997-DBDB-447E-8CBB-5477F7624966}.Debug|Any CPU.Build.0 = Debug|Any CPU
		{28238997-DBDB-447E-8CBB-5477F7624966}.Release|Any CPU.ActiveCfg = Release|Any CPU
		{28238997-DBDB-447E-8CBB-5477F7624966}.Release|Any CPU.Build.0 = Release|Any CPU
		{D992257F-A0EB-4A29-86B3-AD425D77A47A}.Debug|Any CPU.ActiveCfg = Debug|Any CPU
		{D992257F-A0EB-4A29-86B3-AD425D77A47A}.Debug|Any CPU.Build.0 = Debug|Any CPU
		{D992257F-A0EB-4A29-86B3-AD425D77A47A}.Release|Any CPU.ActiveCfg = Release|Any CPU
		{D992257F-A0EB-4A29-86B3-AD425D77A47A}.Release|Any CPU.Build.0 = Release|Any CPU
	EndGlobalSection
	GlobalSection(SolutionProperties) = preSolution
		HideSolutionNode = FALSE
	EndGlobalSection
	GlobalSection(NestedProjects) = preSolution
		{28238997-DBDB-447E-8CBB-5477F7624966} = {17568FE3-0DE5-43BE-9ACB-B34598E8F24E}
		{D992257F-A0EB-4A29-86B3-AD425D77A47A} = {17568FE3-0DE5-43BE-9ACB-B34598E8F24E}
	EndGlobalSection
	GlobalSection(ExtensibilityGlobals) = postSolution
		SolutionGuid = {AD1BBD44-A5DD-4082-B296-1E4712261158}
	EndGlobalSection
EndGlobal
